
Microsoft Visual Studio Solution File, Format Version 12.00
# Visual Studio Version 16
VisualStudioVersion = 16.0.29020.237
MinimumVisualStudioVersion = 10.0.40219.1
Project("{9A19103F-16F7-4668-BE54-9A1E7A4F7556}") = "Lazy.Abp.FreeTime.Domain", "src\Lazy.Abp.FreeTime.Domain\Lazy.Abp.FreeTime.Domain.csproj", "{554AD327-6DBA-4F8F-96F8-81CE7A0C863F}"
EndProject
Project("{9A19103F-16F7-4668-BE54-9A1E7A4F7556}") = "Lazy.Abp.FreeTime.Application", "src\Lazy.Abp.FreeTime.Application\Lazy.Abp.FreeTime.Application.csproj", "{1A94A50E-06DC-43C1-80B5-B662820EC3EB}"
EndProject
Project("{9A19103F-16F7-4668-BE54-9A1E7A4F7556}") = "Lazy.Abp.FreeTime.EntityFrameworkCore", "src\Lazy.Abp.FreeTime.EntityFrameworkCore\Lazy.Abp.FreeTime.EntityFrameworkCore.csproj", "{C956DD76-69C8-4A9C-83EA-D17DF83340FD}"
EndProject
Project("{9A19103F-16F7-4668-BE54-9A1E7A4F7556}") = "Lazy.Abp.FreeTime.Web", "src\Lazy.Abp.FreeTime.Web\Lazy.Abp.FreeTime.Web.csproj", "{068855E8-9240-4F1A-910B-CF825794513B}"
EndProject
Project("{2150E333-8FDC-42A3-9474-1A3956D46DE8}") = "src", "src", "{CA9AC87F-097E-4F15-8393-4BC07735A5B0}"
EndProject
Project("{9A19103F-16F7-4668-BE54-9A1E7A4F7556}") = "Lazy.Abp.FreeTime.EntityFrameworkCore.DbMigrations", "src\Lazy.Abp.FreeTime.EntityFrameworkCore.DbMigrations\Lazy.Abp.FreeTime.EntityFrameworkCore.DbMigrations.csproj", "{0372FA84-C517-4EB3-9A9F-B9ACAC0CA5E0}"
EndProject
Project("{9A19103F-16F7-4668-BE54-9A1E7A4F7556}") = "Lazy.Abp.FreeTime.Domain.Shared", "src\Lazy.Abp.FreeTime.Domain.Shared\Lazy.Abp.FreeTime.Domain.Shared.csproj", "{42F719ED-8413-4895-B5B4-5AB56079BC66}"
EndProject
Project("{9A19103F-16F7-4668-BE54-9A1E7A4F7556}") = "Lazy.Abp.FreeTime.Application.Contracts", "src\Lazy.Abp.FreeTime.Application.Contracts\Lazy.Abp.FreeTime.Application.Contracts.csproj", "{520659C8-C734-4298-A3DA-B539DB9DFC0B}"
EndProject
Project("{9A19103F-16F7-4668-BE54-9A1E7A4F7556}") = "Lazy.Abp.FreeTime.HttpApi", "src\Lazy.Abp.FreeTime.HttpApi\Lazy.Abp.FreeTime.HttpApi.csproj", "{4164BDF7-F527-4E85-9CE6-E3C2D7426A27}"
EndProject
Project("{9A19103F-16F7-4668-BE54-9A1E7A4F7556}") = "Lazy.Abp.FreeTime.HttpApi.Client", "src\Lazy.Abp.FreeTime.HttpApi.Client\Lazy.Abp.FreeTime.HttpApi.Client.csproj", "{3B5A0094-670D-4BB1-BFDD-61B88A8773DC}"
EndProject
Project("{9A19103F-16F7-4668-BE54-9A1E7A4F7556}") = "Lazy.Abp.FreeTime.DbMigrator", "src\Lazy.Abp.FreeTime.DbMigrator\Lazy.Abp.FreeTime.DbMigrator.csproj", "{AA94D832-1CCC-4715-95A9-A483F23A1A5D}"
EndProject
Project("{2150E333-8FDC-42A3-9474-1A3956D46DE8}") = "lazyabp", "lazyabp", "{0CC0D52B-A5C1-4967-A4C9-E446A719E640}"
EndProject
Project("{9A19103F-16F7-4668-BE54-9A1E7A4F7556}") = "Lazy.Abp.Application", "..\lazyabp\src\Lazy.Abp.Application\Lazy.Abp.Application.csproj", "{2DED8126-CBDC-488E-93B9-F40E6D6008BE}"
EndProject
Project("{9A19103F-16F7-4668-BE54-9A1E7A4F7556}") = "Lazy.Abp.Application.Contracts", "..\lazyabp\src\Lazy.Abp.Application.Contracts\Lazy.Abp.Application.Contracts.csproj", "{25F1E37B-EEB5-4CD1-B4F1-A4D94C5F0FBC}"
EndProject
Project("{9A19103F-16F7-4668-BE54-9A1E7A4F7556}") = "Lazy.Abp.Domain", "..\lazyabp\src\Lazy.Abp.Domain\Lazy.Abp.Domain.csproj", "{01048B5F-5904-4075-B47C-C783B1C1359A}"
EndProject
Project("{9A19103F-16F7-4668-BE54-9A1E7A4F7556}") = "Lazy.Abp.Domain.Shared", "..\lazyabp\src\Lazy.Abp.Domain.Shared\Lazy.Abp.Domain.Shared.csproj", "{297DC56A-CD7E-44B9-B9FF-4E454ECFA470}"
EndProject
Project("{9A19103F-16F7-4668-BE54-9A1E7A4F7556}") = "Lazy.Abp.EntityFrameworkCore", "..\lazyabp\src\Lazy.Abp.EntityFrameworkCore\Lazy.Abp.EntityFrameworkCore.csproj", "{D4D91D20-16D1-4A8B-9589-5A8ADA0CA2E2}"
EndProject
Project("{9A19103F-16F7-4668-BE54-9A1E7A4F7556}") = "Lazy.Abp.HttpApi", "..\lazyabp\src\Lazy.Abp.HttpApi\Lazy.Abp.HttpApi.csproj", "{91FECD01-A6EF-4C1B-9D52-8AC52E681014}"
EndProject
Project("{9A19103F-16F7-4668-BE54-9A1E7A4F7556}") = "Lazy.Abp.Notifications", "..\lazyabp\src\Lazy.Abp.Notifications\Lazy.Abp.Notifications.csproj", "{2E62275B-5178-4780-BE48-B5038AD551F3}"
EndProject
Project("{9A19103F-16F7-4668-BE54-9A1E7A4F7556}") = "Lazy.Abp.Notifications.SignalR", "..\lazyabp\src\Lazy.Abp.Notifications.SignalR\Lazy.Abp.Notifications.SignalR.csproj", "{84D98D2D-0342-4FB5-A5CE-B57460EEB9D4}"
EndProject
Global
	GlobalSection(SolutionConfigurationPlatforms) = preSolution
		Debug|Any CPU = Debug|Any CPU
		Release|Any CPU = Release|Any CPU
	EndGlobalSection
	GlobalSection(ProjectConfigurationPlatforms) = postSolution
		{554AD327-6DBA-4F8F-96F8-81CE7A0C863F}.Debug|Any CPU.ActiveCfg = Debug|Any CPU
		{554AD327-6DBA-4F8F-96F8-81CE7A0C863F}.Debug|Any CPU.Build.0 = Debug|Any CPU
		{554AD327-6DBA-4F8F-96F8-81CE7A0C863F}.Release|Any CPU.ActiveCfg = Release|Any CPU
		{554AD327-6DBA-4F8F-96F8-81CE7A0C863F}.Release|Any CPU.Build.0 = Release|Any CPU
		{1A94A50E-06DC-43C1-80B5-B662820EC3EB}.Debug|Any CPU.ActiveCfg = Debug|Any CPU
		{1A94A50E-06DC-43C1-80B5-B662820EC3EB}.Debug|Any CPU.Build.0 = Debug|Any CPU
		{1A94A50E-06DC-43C1-80B5-B662820EC3EB}.Release|Any CPU.ActiveCfg = Release|Any CPU
		{1A94A50E-06DC-43C1-80B5-B662820EC3EB}.Release|Any CPU.Build.0 = Release|Any CPU
		{C956DD76-69C8-4A9C-83EA-D17DF83340FD}.Debug|Any CPU.ActiveCfg = Debug|Any CPU
		{C956DD76-69C8-4A9C-83EA-D17DF83340FD}.Debug|Any CPU.Build.0 = Debug|Any CPU
		{C956DD76-69C8-4A9C-83EA-D17DF83340FD}.Release|Any CPU.ActiveCfg = Release|Any CPU
		{C956DD76-69C8-4A9C-83EA-D17DF83340FD}.Release|Any CPU.Build.0 = Release|Any CPU
		{068855E8-9240-4F1A-910B-CF825794513B}.Debug|Any CPU.ActiveCfg = Debug|Any CPU
		{068855E8-9240-4F1A-910B-CF825794513B}.Debug|Any CPU.Build.0 = Debug|Any CPU
		{068855E8-9240-4F1A-910B-CF825794513B}.Release|Any CPU.ActiveCfg = Release|Any CPU
		{068855E8-9240-4F1A-910B-CF825794513B}.Release|Any CPU.Build.0 = Release|Any CPU
		{0372FA84-C517-4EB3-9A9F-B9ACAC0CA5E0}.Debug|Any CPU.ActiveCfg = Debug|Any CPU
		{0372FA84-C517-4EB3-9A9F-B9ACAC0CA5E0}.Debug|Any CPU.Build.0 = Debug|Any CPU
		{0372FA84-C517-4EB3-9A9F-B9ACAC0CA5E0}.Release|Any CPU.ActiveCfg = Release|Any CPU
		{0372FA84-C517-4EB3-9A9F-B9ACAC0CA5E0}.Release|Any CPU.Build.0 = Release|Any CPU
		{42F719ED-8413-4895-B5B4-5AB56079BC66}.Debug|Any CPU.ActiveCfg = Debug|Any CPU
		{42F719ED-8413-4895-B5B4-5AB56079BC66}.Debug|Any CPU.Build.0 = Debug|Any CPU
		{42F719ED-8413-4895-B5B4-5AB56079BC66}.Release|Any CPU.ActiveCfg = Release|Any CPU
		{42F719ED-8413-4895-B5B4-5AB56079BC66}.Release|Any CPU.Build.0 = Release|Any CPU
		{520659C8-C734-4298-A3DA-B539DB9DFC0B}.Debug|Any CPU.ActiveCfg = Debug|Any CPU
		{520659C8-C734-4298-A3DA-B539DB9DFC0B}.Debug|Any CPU.Build.0 = Debug|Any CPU
		{520659C8-C734-4298-A3DA-B539DB9DFC0B}.Release|Any CPU.ActiveCfg = Release|Any CPU
		{520659C8-C734-4298-A3DA-B539DB9DFC0B}.Release|Any CPU.Build.0 = Release|Any CPU
		{4164BDF7-F527-4E85-9CE6-E3C2D7426A27}.Debug|Any CPU.ActiveCfg = Debug|Any CPU
		{4164BDF7-F527-4E85-9CE6-E3C2D7426A27}.Debug|Any CPU.Build.0 = Debug|Any CPU
		{4164BDF7-F527-4E85-9CE6-E3C2D7426A27}.Release|Any CPU.ActiveCfg = Release|Any CPU
		{4164BDF7-F527-4E85-9CE6-E3C2D7426A27}.Release|Any CPU.Build.0 = Release|Any CPU
		{3B5A0094-670D-4BB1-BFDD-61B88A8773DC}.Debug|Any CPU.ActiveCfg = Debug|Any CPU
		{3B5A0094-670D-4BB1-BFDD-61B88A8773DC}.Debug|Any CPU.Build.0 = Debug|Any CPU
		{3B5A0094-670D-4BB1-BFDD-61B88A8773DC}.Release|Any CPU.ActiveCfg = Release|Any CPU
		{3B5A0094-670D-4BB1-BFDD-61B88A8773DC}.Release|Any CPU.Build.0 = Release|Any CPU
		{AA94D832-1CCC-4715-95A9-A483F23A1A5D}.Debug|Any CPU.ActiveCfg = Debug|Any CPU
		{AA94D832-1CCC-4715-95A9-A483F23A1A5D}.Debug|Any CPU.Build.0 = Debug|Any CPU
		{AA94D832-1CCC-4715-95A9-A483F23A1A5D}.Release|Any CPU.ActiveCfg = Release|Any CPU
		{AA94D832-1CCC-4715-95A9-A483F23A1A5D}.Release|Any CPU.Build.0 = Release|Any CPU
		{2DED8126-CBDC-488E-93B9-F40E6D6008BE}.Debug|Any CPU.ActiveCfg = Debug|Any CPU
		{2DED8126-CBDC-488E-93B9-F40E6D6008BE}.Debug|Any CPU.Build.0 = Debug|Any CPU
		{2DED8126-CBDC-488E-93B9-F40E6D6008BE}.Release|Any CPU.ActiveCfg = Release|Any CPU
		{2DED8126-CBDC-488E-93B9-F40E6D6008BE}.Release|Any CPU.Build.0 = Release|Any CPU
		{25F1E37B-EEB5-4CD1-B4F1-A4D94C5F0FBC}.Debug|Any CPU.ActiveCfg = Debug|Any CPU
		{25F1E37B-EEB5-4CD1-B4F1-A4D94C5F0FBC}.Debug|Any CPU.Build.0 = Debug|Any CPU
		{25F1E37B-EEB5-4CD1-B4F1-A4D94C5F0FBC}.Release|Any CPU.ActiveCfg = Release|Any CPU
		{25F1E37B-EEB5-4CD1-B4F1-A4D94C5F0FBC}.Release|Any CPU.Build.0 = Release|Any CPU
		{01048B5F-5904-4075-B47C-C783B1C1359A}.Debug|Any CPU.ActiveCfg = Debug|Any CPU
		{01048B5F-5904-4075-B47C-C783B1C1359A}.Debug|Any CPU.Build.0 = Debug|Any CPU
		{01048B5F-5904-4075-B47C-C783B1C1359A}.Release|Any CPU.ActiveCfg = Release|Any CPU
		{01048B5F-5904-4075-B47C-C783B1C1359A}.Release|Any CPU.Build.0 = Release|Any CPU
		{297DC56A-CD7E-44B9-B9FF-4E454ECFA470}.Debug|Any CPU.ActiveCfg = Debug|Any CPU
		{297DC56A-CD7E-44B9-B9FF-4E454ECFA470}.Debug|Any CPU.Build.0 = Debug|Any CPU
		{297DC56A-CD7E-44B9-B9FF-4E454ECFA470}.Release|Any CPU.ActiveCfg = Release|Any CPU
		{297DC56A-CD7E-44B9-B9FF-4E454ECFA470}.Release|Any CPU.Build.0 = Release|Any CPU
		{D4D91D20-16D1-4A8B-9589-5A8ADA0CA2E2}.Debug|Any CPU.ActiveCfg = Debug|Any CPU
		{D4D91D20-16D1-4A8B-9589-5A8ADA0CA2E2}.Debug|Any CPU.Build.0 = Debug|Any CPU
		{D4D91D20-16D1-4A8B-9589-5A8ADA0CA2E2}.Release|Any CPU.ActiveCfg = Release|Any CPU
		{D4D91D20-16D1-4A8B-9589-5A8ADA0CA2E2}.Release|Any CPU.Build.0 = Release|Any CPU
		{91FECD01-A6EF-4C1B-9D52-8AC52E681014}.Debug|Any CPU.ActiveCfg = Debug|Any CPU
		{91FECD01-A6EF-4C1B-9D52-8AC52E681014}.Debug|Any CPU.Build.0 = Debug|Any CPU
		{91FECD01-A6EF-4C1B-9D52-8AC52E681014}.Release|Any CPU.ActiveCfg = Release|Any CPU
		{91FECD01-A6EF-4C1B-9D52-8AC52E681014}.Release|Any CPU.Build.0 = Release|Any CPU
		{2E62275B-5178-4780-BE48-B5038AD551F3}.Debug|Any CPU.ActiveCfg = Debug|Any CPU
		{2E62275B-5178-4780-BE48-B5038AD551F3}.Debug|Any CPU.Build.0 = Debug|Any CPU
		{2E62275B-5178-4780-BE48-B5038AD551F3}.Release|Any CPU.ActiveCfg = Release|Any CPU
		{2E62275B-5178-4780-BE48-B5038AD551F3}.Release|Any CPU.Build.0 = Release|Any CPU
		{84D98D2D-0342-4FB5-A5CE-B57460EEB9D4}.Debug|Any CPU.ActiveCfg = Debug|Any CPU
		{84D98D2D-0342-4FB5-A5CE-B57460EEB9D4}.Debug|Any CPU.Build.0 = Debug|Any CPU
		{84D98D2D-0342-4FB5-A5CE-B57460EEB9D4}.Release|Any CPU.ActiveCfg = Release|Any CPU
		{84D98D2D-0342-4FB5-A5CE-B57460EEB9D4}.Release|Any CPU.Build.0 = Release|Any CPU
	EndGlobalSection
	GlobalSection(SolutionProperties) = preSolution
		HideSolutionNode = FALSE
	EndGlobalSection
	GlobalSection(NestedProjects) = preSolution
		{554AD327-6DBA-4F8F-96F8-81CE7A0C863F} = {CA9AC87F-097E-4F15-8393-4BC07735A5B0}
		{1A94A50E-06DC-43C1-80B5-B662820EC3EB} = {CA9AC87F-097E-4F15-8393-4BC07735A5B0}
		{C956DD76-69C8-4A9C-83EA-D17DF83340FD} = {CA9AC87F-097E-4F15-8393-4BC07735A5B0}
		{068855E8-9240-4F1A-910B-CF825794513B} = {CA9AC87F-097E-4F15-8393-4BC07735A5B0}
		{0372FA84-C517-4EB3-9A9F-B9ACAC0CA5E0} = {CA9AC87F-097E-4F15-8393-4BC07735A5B0}
		{42F719ED-8413-4895-B5B4-5AB56079BC66} = {CA9AC87F-097E-4F15-8393-4BC07735A5B0}
		{520659C8-C734-4298-A3DA-B539DB9DFC0B} = {CA9AC87F-097E-4F15-8393-4BC07735A5B0}
		{4164BDF7-F527-4E85-9CE6-E3C2D7426A27} = {CA9AC87F-097E-4F15-8393-4BC07735A5B0}
		{3B5A0094-670D-4BB1-BFDD-61B88A8773DC} = {CA9AC87F-097E-4F15-8393-4BC07735A5B0}
		{AA94D832-1CCC-4715-95A9-A483F23A1A5D} = {CA9AC87F-097E-4F15-8393-4BC07735A5B0}
		{2DED8126-CBDC-488E-93B9-F40E6D6008BE} = {0CC0D52B-A5C1-4967-A4C9-E446A719E640}
		{25F1E37B-EEB5-4CD1-B4F1-A4D94C5F0FBC} = {0CC0D52B-A5C1-4967-A4C9-E446A719E640}
		{01048B5F-5904-4075-B47C-C783B1C1359A} = {0CC0D52B-A5C1-4967-A4C9-E446A719E640}
		{297DC56A-CD7E-44B9-B9FF-4E454ECFA470} = {0CC0D52B-A5C1-4967-A4C9-E446A719E640}
		{D4D91D20-16D1-4A8B-9589-5A8ADA0CA2E2} = {0CC0D52B-A5C1-4967-A4C9-E446A719E640}
		{91FECD01-A6EF-4C1B-9D52-8AC52E681014} = {0CC0D52B-A5C1-4967-A4C9-E446A719E640}
		{2E62275B-5178-4780-BE48-B5038AD551F3} = {0CC0D52B-A5C1-4967-A4C9-E446A719E640}
		{84D98D2D-0342-4FB5-A5CE-B57460EEB9D4} = {0CC0D52B-A5C1-4967-A4C9-E446A719E640}
	EndGlobalSection
	GlobalSection(ExtensibilityGlobals) = postSolution
		SolutionGuid = {28315BFD-90E7-4E14-A2EA-F3D23AF4126F}
	EndGlobalSection
EndGlobal
